{
  "name": "electronproject1",
  "version": "1.0.0",
  "lockfileVersion": 2,
  "requires": true,
  "packages": {
    "": {
      "name": "electronproject1",
      "version": "1.0.0",
      "license": "ISC",
      "dependencies": {
        "electron-package": "^0.1.0"
      }
    },
    "node_modules/electron-package": {
      "version": "0.1.0",
      "resolved": "https://registry.npmjs.org/electron-package/-/electron-package-0.1.0.tgz",
      "integrity": "sha512-AwPkGVzwKbEOzu7y+tKA63Gyc39R7/1dA2vWwR1YRpqFWXNpaQCLSgOi/Lr4k9H9W3+dudkZxdPaFQIiMpN/vw=="
    }
  },
  "dependencies": {
    "electron-package": {
      "version": "0.1.0",
      "resolved": "https://registry.npmjs.org/electron-package/-/electron-package-0.1.0.tgz",
      "integrity": "sha512-AwPkGVzwKbEOzu7y+tKA63Gyc39R7/1dA2vWwR1YRpqFWXNpaQCLSgOi/Lr4k9H9W3+dudkZxdPaFQIiMpN/vw=="
    }
  }
}
